{
  "name": "simple-webhid",
  "version": "0.1.0",
  "lockfileVersion": 3,
  "requires": true,
  "packages": {
    "": {
      "name": "simple-webhid",
      "version": "0.1.0",
      "license": "MIT",
      "dependencies": {
        "@types/w3c-web-hid": "^1.0.6"
      }
    },
    "node_modules/@types/typedarray-pool": {
      "version": "1.1.5",
      "resolved": "https://registry.npmjs.org/@types/typedarray-pool/-/typedarray-pool-1.1.5.tgz",
      "integrity": "sha512-6/UB6OZjiucj9+/SPFYMoThe6LScGTLewPn7u+vWayFZdUkfLO7DNfeSX9CEMUcaIJvXuRvJLJ+mazzYA5+BFA==",
      "license": "MIT"
    },
    "node_modules/@types/w3c-web-hid": {
      "version": "1.0.6",
      "resolved": "https://registry.npmjs.org/@types/w3c-web-hid/-/w3c-web-hid-1.0.6.tgz",
      "integrity": "sha512-IWyssXmRDo6K7s31dxf+U+x/XUWuVsl9qUIYbJmpUHPcTv/COfBCKw/F0smI45+gPV34brjyP30BFcIsHgYWLA==",
      "license": "MIT"
    },
    "node_modules/typedarray": {
      "version": "0.0.7",
      "resolved": "https://registry.npmjs.org/typedarray/-/typedarray-0.0.7.tgz",
      "integrity": "sha512-ueeb9YybpjhivjbHP2LdFDAjbS948fGEPj+ACAMs4xCMmh72OCOMQWBQKlaN4ZNQ04yfLSDLSx1tGRIoWimObQ==",
      "license": "MIT",
      "funding": {
        "url": "https://github.com/sponsors/ljharb"
      }
    }
  }
}
